
Microsoft Visual Studio Solution File, Format Version 12.00
# Visual Studio Version 17
VisualStudioVersion = 17.0.31903.59
MinimumVisualStudioVersion = 10.0.40219.1
Project("{FAE04EC0-301F-11D3-BF4B-00C04F79EFBC}") = "Acidmanic.Mathematics", "Acidmanic.Mathematics.csproj", "{1CB7E161-ACE6-4232-AF2E-90A68B9225CD}"
EndProject
Project("{2150E333-8FDC-42A3-9474-1A3956D46DE8}") = "Misc", "Misc", "{4EC701A0-E703-4FF1-8DA0-36ACFFC50A78}"
	ProjectSection(SolutionItems) = preProject
		.gitignore = .gitignore
	EndProjectSection
EndProject
Global
	GlobalSection(SolutionConfigurationPlatforms) = preSolution
		Debug|Any CPU = Debug|Any CPU
		Release|Any CPU = Release|Any CPU
	EndGlobalSection
	GlobalSection(SolutionProperties) = preSolution
		HideSolutionNode = FALSE
	EndGlobalSection
	GlobalSection(ProjectConfigurationPlatforms) = postSolution
		{1CB7E161-ACE6-4232-AF2E-90A68B9225CD}.Debug|Any CPU.ActiveCfg = Debug|Any CPU
		{1CB7E161-ACE6-4232-AF2E-90A68B9225CD}.Debug|Any CPU.Build.0 = Debug|Any CPU
		{1CB7E161-ACE6-4232-AF2E-90A68B9225CD}.Release|Any CPU.ActiveCfg = Release|Any CPU
		{1CB7E161-ACE6-4232-AF2E-90A68B9225CD}.Release|Any CPU.Build.0 = Release|Any CPU
	EndGlobalSection
EndGlobal
